
Microsoft Visual Studio Solution File, Format Version 12.00
Project("{FAE04EC0-301F-11D3-BF4B-00C04F79EFBC}") = "WebAPI", "WebAPI\WebAPI.csproj", "{66DF8874-2BF3-4939-A067-9BC3031B0E66}"
EndProject
Project("{FAE04EC0-301F-11D3-BF4B-00C04F79EFBC}") = "Application", "Application\Application.csproj", "{F4FED3B1-AFFE-4994-B0F6-98CCDB82CDFD}"
EndProject
Project("{FAE04EC0-301F-11D3-BF4B-00C04F79EFBC}") = "Domain", "Domain\Domain.csproj", "{4BE4A7D9-96E4-4499-903C-454F6FD153B2}"
EndProject
Project("{FAE04EC0-301F-11D3-BF4B-00C04F79EFBC}") = "Infrastructure", "Infrastructure\Infrastructure.csproj", "{CD171E84-C9A5-4B7B-B222-381E62D14749}"
EndProject
Global
	GlobalSection(SolutionConfigurationPlatforms) = preSolution
		Debug|Any CPU = Debug|Any CPU
		Release|Any CPU = Release|Any CPU
	EndGlobalSection
	GlobalSection(ProjectConfigurationPlatforms) = postSolution
		{66DF8874-2BF3-4939-A067-9BC3031B0E66}.Debug|Any CPU.ActiveCfg = Debug|Any CPU
		{66DF8874-2BF3-4939-A067-9BC3031B0E66}.Debug|Any CPU.Build.0 = Debug|Any CPU
		{66DF8874-2BF3-4939-A067-9BC3031B0E66}.Release|Any CPU.ActiveCfg = Release|Any CPU
		{66DF8874-2BF3-4939-A067-9BC3031B0E66}.Release|Any CPU.Build.0 = Release|Any CPU
		{F4FED3B1-AFFE-4994-B0F6-98CCDB82CDFD}.Debug|Any CPU.ActiveCfg = Debug|Any CPU
		{F4FED3B1-AFFE-4994-B0F6-98CCDB82CDFD}.Debug|Any CPU.Build.0 = Debug|Any CPU
		{F4FED3B1-AFFE-4994-B0F6-98CCDB82CDFD}.Release|Any CPU.ActiveCfg = Release|Any CPU
		{F4FED3B1-AFFE-4994-B0F6-98CCDB82CDFD}.Release|Any CPU.Build.0 = Release|Any CPU
		{4BE4A7D9-96E4-4499-903C-454F6FD153B2}.Debug|Any CPU.ActiveCfg = Debug|Any CPU
		{4BE4A7D9-96E4-4499-903C-454F6FD153B2}.Debug|Any CPU.Build.0 = Debug|Any CPU
		{4BE4A7D9-96E4-4499-903C-454F6FD153B2}.Release|Any CPU.ActiveCfg = Release|Any CPU
		{4BE4A7D9-96E4-4499-903C-454F6FD153B2}.Release|Any CPU.Build.0 = Release|Any CPU
		{CD171E84-C9A5-4B7B-B222-381E62D14749}.Debug|Any CPU.ActiveCfg = Debug|Any CPU
		{CD171E84-C9A5-4B7B-B222-381E62D14749}.Debug|Any CPU.Build.0 = Debug|Any CPU
		{CD171E84-C9A5-4B7B-B222-381E62D14749}.Release|Any CPU.ActiveCfg = Release|Any CPU
		{CD171E84-C9A5-4B7B-B222-381E62D14749}.Release|Any CPU.Build.0 = Release|Any CPU
	EndGlobalSection
EndGlobal
